
Microsoft Visual Studio Solution File, Format Version 12.00
# Visual Studio Version 17
VisualStudioVersion = 17.5.33424.131
MinimumVisualStudioVersion = 10.0.40219.1
Project("{8BC9CEB8-8B4A-11D0-8D11-00A0C91BC942}") = "homework10", "homework10\homework10.vcxproj", "{E010F028-D4A7-4642-B602-F0B195958B9D}"
EndProject
Project("{8BC9CEB8-8B4A-11D0-8D11-00A0C91BC942}") = "lab13", "lab13\lab13.vcxproj", "{1CE997E7-6413-468F-A061-252E3C4E388F}"
EndProject
Project("{8BC9CEB8-8B4A-11D0-8D11-00A0C91BC942}") = "lab13b", "lab13b\lab13b.vcxproj", "{91DAE72F-8798-4364-B960-65532D343084}"
EndProject
Global
	GlobalSection(SolutionConfigurationPlatforms) = preSolution
		Debug|x64 = Debug|x64
		Debug|x86 = Debug|x86
		Release|x64 = Release|x64
		Release|x86 = Release|x86
	EndGlobalSection
	GlobalSection(ProjectConfigurationPlatforms) = postSolution
		{E010F028-D4A7-4642-B602-F0B195958B9D}.Debug|x64.ActiveCfg = Debug|x64
		{E010F028-D4A7-4642-B602-F0B195958B9D}.Debug|x64.Build.0 = Debug|x64
		{E010F028-D4A7-4642-B602-F0B195958B9D}.Debug|x86.ActiveCfg = Debug|Win32
		{E010F028-D4A7-4642-B602-F0B195958B9D}.Debug|x86.Build.0 = Debug|Win32
		{E010F028-D4A7-4642-B602-F0B195958B9D}.Release|x64.ActiveCfg = Release|x64
		{E010F028-D4A7-4642-B602-F0B195958B9D}.Release|x64.Build.0 = Release|x64
		{E010F028-D4A7-4642-B602-F0B195958B9D}.Release|x86.ActiveCfg = Release|Win32
		{E010F028-D4A7-4642-B602-F0B195958B9D}.Release|x86.Build.0 = Release|Win32
		{1CE997E7-6413-468F-A061-252E3C4E388F}.Debug|x64.ActiveCfg = Debug|x64
		{1CE997E7-6413-468F-A061-252E3C4E388F}.Debug|x64.Build.0 = Debug|x64
		{1CE997E7-6413-468F-A061-252E3C4E388F}.Debug|x86.ActiveCfg = Debug|Win32
		{1CE997E7-6413-468F-A061-252E3C4E388F}.Debug|x86.Build.0 = Debug|Win32
		{1CE997E7-6413-468F-A061-252E3C4E388F}.Release|x64.ActiveCfg = Release|x64
		{1CE997E7-6413-468F-A061-252E3C4E388F}.Release|x64.Build.0 = Release|x64
		{1CE997E7-6413-468F-A061-252E3C4E388F}.Release|x86.ActiveCfg = Release|Win32
		{1CE997E7-6413-468F-A061-252E3C4E388F}.Release|x86.Build.0 = Release|Win32
		{91DAE72F-8798-4364-B960-65532D343084}.Debug|x64.ActiveCfg = Debug|x64
		{91DAE72F-8798-4364-B960-65532D343084}.Debug|x64.Build.0 = Debug|x64
		{91DAE72F-8798-4364-B960-65532D343084}.Debug|x86.ActiveCfg = Debug|Win32
		{91DAE72F-8798-4364-B960-65532D343084}.Debug|x86.Build.0 = Debug|Win32
		{91DAE72F-8798-4364-B960-65532D343084}.Release|x64.ActiveCfg = Release|x64
		{91DAE72F-8798-4364-B960-65532D343084}.Release|x64.Build.0 = Release|x64
		{91DAE72F-8798-4364-B960-65532D343084}.Release|x86.ActiveCfg = Release|Win32
		{91DAE72F-8798-4364-B960-65532D343084}.Release|x86.Build.0 = Release|Win32
	EndGlobalSection
	GlobalSection(SolutionProperties) = preSolution
		HideSolutionNode = FALSE
	EndGlobalSection
	GlobalSection(ExtensibilityGlobals) = postSolution
		SolutionGuid = {CA273606-CDF1-4C03-B073-70FB482075F0}
	EndGlobalSection
EndGlobal
